<?xml version="1.0" encoding="UTF-8"?>
<Scheme
   LastUpgradeVersion = "0710"
   version = "1.3">
   <BuildAction
      parallelizeBuildables = "YES"
      buildImplicitDependencies = "YES">
      <BuildActionEntries>
         <BuildActionEntry
            buildForTesting = "YES"
            buildForRunning = "YES"
            buildForProfiling = "YES"
            buildForArchiving = "YES"
            buildForAnalyzing = "YES">
            <BuildableReference
               BuildableIdentifier = "primary"
               BlueprintIdentifier = "1869B9C61DC4A2AF0044694D"
               BuildableName = "29oct&apos;16_pageviews_andbars.app"
               BlueprintName = "29oct&apos;16_pageviews_andbars"
               ReferencedContainer = "container:29oct&apos;16_pageviews_andbars.xcodeproj">
            </BuildableReference>
         </BuildActionEntry>
      </BuildActionEntries>
   </BuildAction>
   <TestAction
      buildConfiguration = "Debug"
      selectedDebuggerIdentifier = "Xcode.DebuggerFoundation.Debugger.LLDB"
      selectedLauncherIdentifier = "Xcode.DebuggerFoundation.Launcher.LLDB"
      shouldUseLaunchSchemeArgsEnv = "YES">
      <Testables>
         <TestableReference
            skipped = "NO">
            <BuildableReference
               BuildableIdentifier = "primary"
               BlueprintIdentifier = "1869B9DA1DC4A2B00044694D"
               BuildableName = "29oct&apos;16_pageviews_andbarsTests.xctest"
               BlueprintName = "29oct&apos;16_pageviews_andbarsTests"
               ReferencedContainer = "container:29oct&apos;16_pageviews_andbars.xcodeproj">
            </BuildableReference>
         </TestableReference>
         <TestableReference
            skipped = "NO">
            <BuildableReference
               BuildableIdentifier = "primary"
               BlueprintIdentifier = "1869B9E51DC4A2B00044694D"
               BuildableName = "29oct&apos;16_pageviews_andbarsUITests.xctest"
               BlueprintName = "29oct&apos;16_pageviews_andbarsUITests"
               ReferencedContainer = "container:29oct&apos;16_pageviews_andbars.xcodeproj">
            </BuildableReference>
         </TestableReference>
      </Testables>
      <MacroExpansion>
         <BuildableReference
            BuildableIdentifier = "primary"
            BlueprintIdentifier = "1869B9C61DC4A2AF0044694D"
            BuildableName = "29oct&apos;16_pageviews_andbars.app"
            BlueprintName = "29oct&apos;16_pageviews_andbars"
            ReferencedContainer = "container:29oct&apos;16_pageviews_andbars.xcodeproj">
         </BuildableReference>
      </MacroExpansion>
      <AdditionalOptions>
      </AdditionalOptions>
   </TestAction>
   <LaunchAction
      buildConfiguration = "Debug"
      selectedDebuggerIdentifier = "Xcode.DebuggerFoundation.Debugger.LLDB"
      selectedLauncherIdentifier = "Xcode.DebuggerFoundation.Launcher.LLDB"
      launchStyle = "0"
      useCustomWorkingDirectory = "NO"
      ignoresPersistentStateOnLaunch = "NO"
      debugDocumentVersioning = "YES"
      debugServiceExtension = "internal"
      allowLocationSimulation = "YES">
      <BuildableProductRunnable
         runnableDebuggingMode = "0">
         <BuildableReference
            BuildableIdentifier = "primary"
            BlueprintIdentifier = "1869B9C61DC4A2AF0044694D"
            BuildableName = "29oct&apos;16_pageviews_andbars.app"
            BlueprintName = "29oct&apos;16_pageviews_andbars"
            ReferencedContainer = "container:29oct&apos;16_pageviews_andbars.xcodeproj">
         </BuildableReference>
      </BuildableProductRunnable>
      <AdditionalOptions>
      </AdditionalOptions>
   </LaunchAction>
   <ProfileAction
      buildConfiguration = "Release"
      shouldUseLaunchSchemeArgsEnv = "YES"
      savedToolIdentifier = ""
      useCustomWorkingDirectory = "NO"
      debugDocumentVersioning = "YES">
      <BuildableProductRunnable
         runnableDebuggingMode = "0">
         <BuildableReference
            BuildableIdentifier = "primary"
            BlueprintIdentifier = "1869B9C61DC4A2AF0044694D"
            BuildableName = "29oct&apos;16_pageviews_andbars.app"
            BlueprintName = "29oct&apos;16_pageviews_andbars"
            ReferencedContainer = "container:29oct&apos;16_pageviews_andbars.xcodeproj">
         </BuildableReference>
      </BuildableProductRunnable>
   </ProfileAction>
   <AnalyzeAction
      buildConfiguration = "Debug">
   </AnalyzeAction>
   <ArchiveAction
      buildConfiguration = "Release"
      revealArchiveInOrganizer = "YES">
   </ArchiveAction>
</Scheme>
